
Microsoft Visual Studio Solution File, Format Version 12.00
# Visual Studio 15
Project("{FAE04EC0-301F-11D3-BF4B-00C04F79EFBC}") = "datepicker.Android", "datepicker.Android\datepicker.Android.csproj", "{FD14BDA5-6CDF-4D93-A107-3AB47AE751D8}"
EndProject
Project("{FAE04EC0-301F-11D3-BF4B-00C04F79EFBC}") = "datepicker.iOS", "datepicker.iOS\datepicker.iOS.csproj", "{8C77CAF2-8B7B-4764-BB5B-B3CA302932C9}"
EndProject
Project("{FAE04EC0-301F-11D3-BF4B-00C04F79EFBC}") = "datepicker", "datepicker\datepicker.csproj", "{9C1F858D-E0F5-4BC8-B2AD-2DC18B617A6C}"
EndProject
Global
	GlobalSection(SolutionConfigurationPlatforms) = preSolution
		Debug|Any CPU = Debug|Any CPU
		Release|Any CPU = Release|Any CPU
		Debug|iPhoneSimulator = Debug|iPhoneSimulator
		Release|iPhoneSimulator = Release|iPhoneSimulator
		Debug|iPhone = Debug|iPhone
		Release|iPhone = Release|iPhone
		Ad-Hoc|iPhone = Ad-Hoc|iPhone
		AppStore|iPhone = AppStore|iPhone
	EndGlobalSection
	GlobalSection(ProjectConfigurationPlatforms) = postSolution
		{FD14BDA5-6CDF-4D93-A107-3AB47AE751D8}.Debug|Any CPU.ActiveCfg = Debug|Any CPU
		{FD14BDA5-6CDF-4D93-A107-3AB47AE751D8}.Debug|Any CPU.Build.0 = Debug|Any CPU
		{FD14BDA5-6CDF-4D93-A107-3AB47AE751D8}.Release|Any CPU.ActiveCfg = Release|Any CPU
		{FD14BDA5-6CDF-4D93-A107-3AB47AE751D8}.Release|Any CPU.Build.0 = Release|Any CPU
		{FD14BDA5-6CDF-4D93-A107-3AB47AE751D8}.Debug|iPhoneSimulator.ActiveCfg = Debug|Any CPU
		{FD14BDA5-6CDF-4D93-A107-3AB47AE751D8}.Debug|iPhoneSimulator.Build.0 = Debug|Any CPU
		{FD14BDA5-6CDF-4D93-A107-3AB47AE751D8}.Release|iPhoneSimulator.ActiveCfg = Release|Any CPU
		{FD14BDA5-6CDF-4D93-A107-3AB47AE751D8}.Release|iPhoneSimulator.Build.0 = Release|Any CPU
		{FD14BDA5-6CDF-4D93-A107-3AB47AE751D8}.Debug|iPhone.ActiveCfg = Debug|Any CPU
		{FD14BDA5-6CDF-4D93-A107-3AB47AE751D8}.Debug|iPhone.Build.0 = Debug|Any CPU
		{FD14BDA5-6CDF-4D93-A107-3AB47AE751D8}.Release|iPhone.ActiveCfg = Release|Any CPU
		{FD14BDA5-6CDF-4D93-A107-3AB47AE751D8}.Release|iPhone.Build.0 = Release|Any CPU
		{FD14BDA5-6CDF-4D93-A107-3AB47AE751D8}.Ad-Hoc|iPhone.ActiveCfg = Debug|Any CPU
		{FD14BDA5-6CDF-4D93-A107-3AB47AE751D8}.Ad-Hoc|iPhone.Build.0 = Debug|Any CPU
		{FD14BDA5-6CDF-4D93-A107-3AB47AE751D8}.AppStore|iPhone.ActiveCfg = Debug|Any CPU
		{FD14BDA5-6CDF-4D93-A107-3AB47AE751D8}.AppStore|iPhone.Build.0 = Debug|Any CPU
		{8C77CAF2-8B7B-4764-BB5B-B3CA302932C9}.Debug|Any CPU.ActiveCfg = Debug|iPhoneSimulator
		{8C77CAF2-8B7B-4764-BB5B-B3CA302932C9}.Debug|Any CPU.Build.0 = Debug|iPhoneSimulator
		{8C77CAF2-8B7B-4764-BB5B-B3CA302932C9}.Release|Any CPU.ActiveCfg = Release|iPhoneSimulator
		{8C77CAF2-8B7B-4764-BB5B-B3CA302932C9}.Release|Any CPU.Build.0 = Release|iPhoneSimulator
		{8C77CAF2-8B7B-4764-BB5B-B3CA302932C9}.Debug|iPhoneSimulator.ActiveCfg = Debug|iPhoneSimulator
		{8C77CAF2-8B7B-4764-BB5B-B3CA302932C9}.Debug|iPhoneSimulator.Build.0 = Debug|iPhoneSimulator
		{8C77CAF2-8B7B-4764-BB5B-B3CA302932C9}.Release|iPhoneSimulator.ActiveCfg = Release|iPhoneSimulator
		{8C77CAF2-8B7B-4764-BB5B-B3CA302932C9}.Release|iPhoneSimulator.Build.0 = Release|iPhoneSimulator
		{8C77CAF2-8B7B-4764-BB5B-B3CA302932C9}.Debug|iPhone.ActiveCfg = Debug|iPhone
		{8C77CAF2-8B7B-4764-BB5B-B3CA302932C9}.Debug|iPhone.Build.0 = Debug|iPhone
		{8C77CAF2-8B7B-4764-BB5B-B3CA302932C9}.Release|iPhone.ActiveCfg = Release|iPhone
		{8C77CAF2-8B7B-4764-BB5B-B3CA302932C9}.Release|iPhone.Build.0 = Release|iPhone
		{8C77CAF2-8B7B-4764-BB5B-B3CA302932C9}.Ad-Hoc|iPhone.ActiveCfg = Ad-Hoc|iPhone
		{8C77CAF2-8B7B-4764-BB5B-B3CA302932C9}.Ad-Hoc|iPhone.Build.0 = Ad-Hoc|iPhone
		{8C77CAF2-8B7B-4764-BB5B-B3CA302932C9}.AppStore|iPhone.ActiveCfg = AppStore|iPhone
		{8C77CAF2-8B7B-4764-BB5B-B3CA302932C9}.AppStore|iPhone.Build.0 = AppStore|iPhone
		{9C1F858D-E0F5-4BC8-B2AD-2DC18B617A6C}.Debug|Any CPU.ActiveCfg = Debug|Any CPU
		{9C1F858D-E0F5-4BC8-B2AD-2DC18B617A6C}.Debug|Any CPU.Build.0 = Debug|Any CPU
		{9C1F858D-E0F5-4BC8-B2AD-2DC18B617A6C}.Release|Any CPU.ActiveCfg = Release|Any CPU
		{9C1F858D-E0F5-4BC8-B2AD-2DC18B617A6C}.Release|Any CPU.Build.0 = Release|Any CPU
		{9C1F858D-E0F5-4BC8-B2AD-2DC18B617A6C}.Debug|iPhoneSimulator.ActiveCfg = Debug|Any CPU
		{9C1F858D-E0F5-4BC8-B2AD-2DC18B617A6C}.Debug|iPhoneSimulator.Build.0 = Debug|Any CPU
		{9C1F858D-E0F5-4BC8-B2AD-2DC18B617A6C}.Release|iPhoneSimulator.ActiveCfg = Release|Any CPU
		{9C1F858D-E0F5-4BC8-B2AD-2DC18B617A6C}.Release|iPhoneSimulator.Build.0 = Release|Any CPU
		{9C1F858D-E0F5-4BC8-B2AD-2DC18B617A6C}.Debug|iPhone.ActiveCfg = Debug|Any CPU
		{9C1F858D-E0F5-4BC8-B2AD-2DC18B617A6C}.Debug|iPhone.Build.0 = Debug|Any CPU
		{9C1F858D-E0F5-4BC8-B2AD-2DC18B617A6C}.Release|iPhone.ActiveCfg = Release|Any CPU
		{9C1F858D-E0F5-4BC8-B2AD-2DC18B617A6C}.Release|iPhone.Build.0 = Release|Any CPU
		{9C1F858D-E0F5-4BC8-B2AD-2DC18B617A6C}.Ad-Hoc|iPhone.ActiveCfg = Debug|Any CPU
		{9C1F858D-E0F5-4BC8-B2AD-2DC18B617A6C}.Ad-Hoc|iPhone.Build.0 = Debug|Any CPU
		{9C1F858D-E0F5-4BC8-B2AD-2DC18B617A6C}.AppStore|iPhone.ActiveCfg = Debug|Any CPU
		{9C1F858D-E0F5-4BC8-B2AD-2DC18B617A6C}.AppStore|iPhone.Build.0 = Debug|Any CPU
	EndGlobalSection
EndGlobal
